# This file is automatically @generated by Poetry 1.7.1 and should not be changed by hand.

[[package]]
name = "word2number"
version = "1.1"
description = "Convert number words eg. three hundred and forty two to numbers (342)."
optional = false
python-versions = "*"
files = [
    {file = "word2number-1.1.zip", hash = "sha256:70e27a5d387f67b04c71fbb7621c05930b19bfd26efd6851e6e0f9969dcde7d0"},
]

[metadata]
lock-version = "2.0"
python-versions = "^3.11"
content-hash = "b9391bbd902bf9fc8cec3cf424801f0ac82f50b84b3b8770fc7ecc4c702dbd95"
